
Microsoft Visual Studio Solution File, Format Version 12.00
# Visual Studio Version 17
VisualStudioVersion = 17.5.2.0
MinimumVisualStudioVersion = 10.0.40219.1
Project("{FAE04EC0-301F-11D3-BF4B-00C04F79EFBC}") = "HelloChessConsumer", "HelloChessConsumer\HelloChessConsumer.csproj", "{8FD2560C-FE36-77BB-CB38-96E7B42E540A}"
EndProject
Project("{FAE04EC0-301F-11D3-BF4B-00C04F79EFBC}") = "HelloChessConsumer.Tests", "HelloChessConsumer.Tests\HelloChessConsumer.Tests.csproj", "{EDB0122C-346A-410F-96CE-03C668E5A1EC}"
EndProject
Global
	GlobalSection(SolutionConfigurationPlatforms) = preSolution
		Debug|Any CPU = Debug|Any CPU
		Debug|x64 = Debug|x64
		Debug|x86 = Debug|x86
		Release|Any CPU = Release|Any CPU
		Release|x64 = Release|x64
		Release|x86 = Release|x86
	EndGlobalSection
	GlobalSection(ProjectConfigurationPlatforms) = postSolution
		{8FD2560C-FE36-77BB-CB38-96E7B42E540A}.Debug|Any CPU.ActiveCfg = Debug|Any CPU
		{8FD2560C-FE36-77BB-CB38-96E7B42E540A}.Debug|Any CPU.Build.0 = Debug|Any CPU
		{8FD2560C-FE36-77BB-CB38-96E7B42E540A}.Debug|x64.ActiveCfg = Debug|Any CPU
		{8FD2560C-FE36-77BB-CB38-96E7B42E540A}.Debug|x64.Build.0 = Debug|Any CPU
		{8FD2560C-FE36-77BB-CB38-96E7B42E540A}.Debug|x86.ActiveCfg = Debug|Any CPU
		{8FD2560C-FE36-77BB-CB38-96E7B42E540A}.Debug|x86.Build.0 = Debug|Any CPU
		{8FD2560C-FE36-77BB-CB38-96E7B42E540A}.Release|Any CPU.ActiveCfg = Release|Any CPU
		{8FD2560C-FE36-77BB-CB38-96E7B42E540A}.Release|Any CPU.Build.0 = Release|Any CPU
		{8FD2560C-FE36-77BB-CB38-96E7B42E540A}.Release|x64.ActiveCfg = Release|Any CPU
		{8FD2560C-FE36-77BB-CB38-96E7B42E540A}.Release|x64.Build.0 = Release|Any CPU
		{8FD2560C-FE36-77BB-CB38-96E7B42E540A}.Release|x86.ActiveCfg = Release|Any CPU
		{8FD2560C-FE36-77BB-CB38-96E7B42E540A}.Release|x86.Build.0 = Release|Any CPU
		{212AC47A-3EBB-45CD-9C64-29017F4D66CD}.Debug|Any CPU.ActiveCfg = Debug|Any CPU
		{212AC47A-3EBB-45CD-9C64-29017F4D66CD}.Debug|Any CPU.Build.0 = Debug|Any CPU
		{212AC47A-3EBB-45CD-9C64-29017F4D66CD}.Debug|x64.ActiveCfg = Debug|Any CPU
		{212AC47A-3EBB-45CD-9C64-29017F4D66CD}.Debug|x64.Build.0 = Debug|Any CPU
		{212AC47A-3EBB-45CD-9C64-29017F4D66CD}.Debug|x86.ActiveCfg = Debug|Any CPU
		{212AC47A-3EBB-45CD-9C64-29017F4D66CD}.Debug|x86.Build.0 = Debug|Any CPU
		{212AC47A-3EBB-45CD-9C64-29017F4D66CD}.Release|Any CPU.ActiveCfg = Release|Any CPU
		{212AC47A-3EBB-45CD-9C64-29017F4D66CD}.Release|Any CPU.Build.0 = Release|Any CPU
		{212AC47A-3EBB-45CD-9C64-29017F4D66CD}.Release|x64.ActiveCfg = Release|Any CPU
		{212AC47A-3EBB-45CD-9C64-29017F4D66CD}.Release|x64.Build.0 = Release|Any CPU
		{212AC47A-3EBB-45CD-9C64-29017F4D66CD}.Release|x86.ActiveCfg = Release|Any CPU
		{212AC47A-3EBB-45CD-9C64-29017F4D66CD}.Release|x86.Build.0 = Release|Any CPU
		{EDB0122C-346A-410F-96CE-03C668E5A1EC}.Debug|Any CPU.ActiveCfg = Debug|Any CPU
		{EDB0122C-346A-410F-96CE-03C668E5A1EC}.Debug|Any CPU.Build.0 = Debug|Any CPU
		{EDB0122C-346A-410F-96CE-03C668E5A1EC}.Debug|x64.ActiveCfg = Debug|Any CPU
		{EDB0122C-346A-410F-96CE-03C668E5A1EC}.Debug|x64.Build.0 = Debug|Any CPU
		{EDB0122C-346A-410F-96CE-03C668E5A1EC}.Debug|x86.ActiveCfg = Debug|Any CPU
		{EDB0122C-346A-410F-96CE-03C668E5A1EC}.Debug|x86.Build.0 = Debug|Any CPU
		{EDB0122C-346A-410F-96CE-03C668E5A1EC}.Release|Any CPU.ActiveCfg = Release|Any CPU
		{EDB0122C-346A-410F-96CE-03C668E5A1EC}.Release|Any CPU.Build.0 = Release|Any CPU
		{EDB0122C-346A-410F-96CE-03C668E5A1EC}.Release|x64.ActiveCfg = Release|Any CPU
		{EDB0122C-346A-410F-96CE-03C668E5A1EC}.Release|x64.Build.0 = Release|Any CPU
		{EDB0122C-346A-410F-96CE-03C668E5A1EC}.Release|x86.ActiveCfg = Release|Any CPU
		{EDB0122C-346A-410F-96CE-03C668E5A1EC}.Release|x86.Build.0 = Release|Any CPU
	EndGlobalSection
	GlobalSection(SolutionProperties) = preSolution
		HideSolutionNode = FALSE
	EndGlobalSection
	GlobalSection(ExtensibilityGlobals) = postSolution
		SolutionGuid = {2AFB67F5-AE27-4BDE-85DF-01DD432A0B7C}
	EndGlobalSection
EndGlobal
